
Microsoft Visual Studio Solution File, Format Version 12.00
# Visual Studio 15
VisualStudioVersion = 15.0.28010.2026
MinimumVisualStudioVersion = 10.0.40219.1
Project("{FAE04EC0-301F-11D3-BF4B-00C04F79EFBC}") = "ParkingLot", "ParkingLot.csproj", "{ADB6DCED-5AD9-4E4D-82D2-0C7F97A1FEF5}"
EndProject
Project("{FAE04EC0-301F-11D3-BF4B-00C04F79EFBC}") = "ParkingLot.Tests", "..\ParkingLot.Tests\ParkingLot.Tests.csproj", "{7D6DC5F9-EFDE-4B46-B54C-C2A954794C19}"
EndProject
Global
	GlobalSection(SolutionConfigurationPlatforms) = preSolution
		Debug|Any CPU = Debug|Any CPU
		Release|Any CPU = Release|Any CPU
	EndGlobalSection
	GlobalSection(ProjectConfigurationPlatforms) = postSolution
		{ADB6DCED-5AD9-4E4D-82D2-0C7F97A1FEF5}.Debug|Any CPU.ActiveCfg = Debug|Any CPU
		{ADB6DCED-5AD9-4E4D-82D2-0C7F97A1FEF5}.Debug|Any CPU.Build.0 = Debug|Any CPU
		{ADB6DCED-5AD9-4E4D-82D2-0C7F97A1FEF5}.Release|Any CPU.ActiveCfg = Release|Any CPU
		{ADB6DCED-5AD9-4E4D-82D2-0C7F97A1FEF5}.Release|Any CPU.Build.0 = Release|Any CPU
		{7D6DC5F9-EFDE-4B46-B54C-C2A954794C19}.Debug|Any CPU.ActiveCfg = Debug|Any CPU
		{7D6DC5F9-EFDE-4B46-B54C-C2A954794C19}.Debug|Any CPU.Build.0 = Debug|Any CPU
		{7D6DC5F9-EFDE-4B46-B54C-C2A954794C19}.Release|Any CPU.ActiveCfg = Release|Any CPU
		{7D6DC5F9-EFDE-4B46-B54C-C2A954794C19}.Release|Any CPU.Build.0 = Release|Any CPU
	EndGlobalSection
	GlobalSection(SolutionProperties) = preSolution
		HideSolutionNode = FALSE
	EndGlobalSection
	GlobalSection(ExtensibilityGlobals) = postSolution
		SolutionGuid = {CAC3801C-130F-4972-AAC6-40AAABD02440}
	EndGlobalSection
EndGlobal
